
Microsoft Visual Studio Solution File, Format Version 12.00
# Visual Studio Version 17
VisualStudioVersion = 17.2.32526.322
MinimumVisualStudioVersion = 10.0.40219.1
Project("{FAE04EC0-301F-11D3-BF4B-00C04F79EFBC}") = "HW32", "HW32.csproj", "{C0F28FF0-CA49-4226-AA53-6CE78298CF08}"
EndProject
Global
	GlobalSection(SolutionConfigurationPlatforms) = preSolution
		Debug|Any CPU = Debug|Any CPU
		Release|Any CPU = Release|Any CPU
	EndGlobalSection
	GlobalSection(ProjectConfigurationPlatforms) = postSolution
		{C0F28FF0-CA49-4226-AA53-6CE78298CF08}.Debug|Any CPU.ActiveCfg = Debug|Any CPU
		{C0F28FF0-CA49-4226-AA53-6CE78298CF08}.Debug|Any CPU.Build.0 = Debug|Any CPU
		{C0F28FF0-CA49-4226-AA53-6CE78298CF08}.Release|Any CPU.ActiveCfg = Release|Any CPU
		{C0F28FF0-CA49-4226-AA53-6CE78298CF08}.Release|Any CPU.Build.0 = Release|Any CPU
	EndGlobalSection
	GlobalSection(SolutionProperties) = preSolution
		HideSolutionNode = FALSE
	EndGlobalSection
	GlobalSection(ExtensibilityGlobals) = postSolution
		SolutionGuid = {8C8D5B68-1F66-4DEF-B4DA-F515A413DBF5}
	EndGlobalSection
EndGlobal
